
Microsoft Visual Studio Solution File, Format Version 12.00
# Visual Studio Version 17
VisualStudioVersion = 17.0.31903.59
MinimumVisualStudioVersion = 10.0.40219.1
Project("{FAE04EC0-301F-11D3-BF4B-00C04F79EFBC}") = "LM.UserService", "LM.UserService\LM.UserService.csproj", "{A41A9D18-3185-43F6-B314-BFEBEE9500F9}"
EndProject
Project("{FAE04EC0-301F-11D3-BF4B-00C04F79EFBC}") = "LM.Gateway", "LM.Gateway\LM.Gateway.csproj", "{E126E359-7C9E-4C17-B4A5-0F4974CC9368}"
EndProject
Project("{FAE04EC0-301F-11D3-BF4B-00C04F79EFBC}") = "LM.IdentityService", "LM.IdentityService\LM.IdentityService.csproj", "{99905BF8-B818-4241-BDED-54AD7688ED63}"
EndProject
Global
	GlobalSection(SolutionConfigurationPlatforms) = preSolution
		Debug|Any CPU = Debug|Any CPU
		Release|Any CPU = Release|Any CPU
	EndGlobalSection
	GlobalSection(SolutionProperties) = preSolution
		HideSolutionNode = FALSE
	EndGlobalSection
	GlobalSection(ProjectConfigurationPlatforms) = postSolution
		{A41A9D18-3185-43F6-B314-BFEBEE9500F9}.Debug|Any CPU.ActiveCfg = Debug|Any CPU
		{A41A9D18-3185-43F6-B314-BFEBEE9500F9}.Debug|Any CPU.Build.0 = Debug|Any CPU
		{A41A9D18-3185-43F6-B314-BFEBEE9500F9}.Release|Any CPU.ActiveCfg = Release|Any CPU
		{A41A9D18-3185-43F6-B314-BFEBEE9500F9}.Release|Any CPU.Build.0 = Release|Any CPU
		{E126E359-7C9E-4C17-B4A5-0F4974CC9368}.Debug|Any CPU.ActiveCfg = Debug|Any CPU
		{E126E359-7C9E-4C17-B4A5-0F4974CC9368}.Debug|Any CPU.Build.0 = Debug|Any CPU
		{E126E359-7C9E-4C17-B4A5-0F4974CC9368}.Release|Any CPU.ActiveCfg = Release|Any CPU
		{E126E359-7C9E-4C17-B4A5-0F4974CC9368}.Release|Any CPU.Build.0 = Release|Any CPU
		{99905BF8-B818-4241-BDED-54AD7688ED63}.Debug|Any CPU.ActiveCfg = Debug|Any CPU
		{99905BF8-B818-4241-BDED-54AD7688ED63}.Debug|Any CPU.Build.0 = Debug|Any CPU
		{99905BF8-B818-4241-BDED-54AD7688ED63}.Release|Any CPU.ActiveCfg = Release|Any CPU
		{99905BF8-B818-4241-BDED-54AD7688ED63}.Release|Any CPU.Build.0 = Release|Any CPU
	EndGlobalSection
EndGlobal
